
Microsoft Visual Studio Solution File, Format Version 12.00
# Visual Studio Version 16
VisualStudioVersion = 16.0.30717.126
MinimumVisualStudioVersion = 10.0.40219.1
Project("{FAE04EC0-301F-11D3-BF4B-00C04F79EFBC}") = "GlyphsBus", "GlyphsBus.csproj", "{4C9A49C5-B9F5-40D7-A196-85D19E39C7EB}"
EndProject
Global
	GlobalSection(SolutionConfigurationPlatforms) = preSolution
		Debug|Any CPU = Debug|Any CPU
		Release|Any CPU = Release|Any CPU
	EndGlobalSection
	GlobalSection(ProjectConfigurationPlatforms) = postSolution
		{4C9A49C5-B9F5-40D7-A196-85D19E39C7EB}.Debug|Any CPU.ActiveCfg = Debug|Any CPU
		{4C9A49C5-B9F5-40D7-A196-85D19E39C7EB}.Debug|Any CPU.Build.0 = Debug|Any CPU
		{4C9A49C5-B9F5-40D7-A196-85D19E39C7EB}.Debug|Any CPU.Deploy.0 = Debug|Any CPU
		{4C9A49C5-B9F5-40D7-A196-85D19E39C7EB}.Release|Any CPU.ActiveCfg = Release|Any CPU
		{4C9A49C5-B9F5-40D7-A196-85D19E39C7EB}.Release|Any CPU.Build.0 = Release|Any CPU
		{4C9A49C5-B9F5-40D7-A196-85D19E39C7EB}.Release|Any CPU.Deploy.0 = Release|Any CPU
	EndGlobalSection
	GlobalSection(SolutionProperties) = preSolution
		HideSolutionNode = FALSE
	EndGlobalSection
	GlobalSection(ExtensibilityGlobals) = postSolution
		SolutionGuid = {7E2EAAD4-CBB5-4069-95A6-F887A285DBCA}
	EndGlobalSection
EndGlobal
