
Microsoft Visual Studio Solution File, Format Version 12.00
# Visual Studio Version 16
VisualStudioVersion = 16.0.30717.126
MinimumVisualStudioVersion = 10.0.40219.1
Project("{FAE04EC0-301F-11D3-BF4B-00C04F79EFBC}") = "GlyphsBus", "GlyphsBus.csproj", "{4C9A49C5-B9F5-40D7-A196-85D19E39C7EB}"
EndProject
Project("{FAE04EC0-301F-11D3-BF4B-00C04F79EFBC}") = "WEB_SOCKET_SERVER", "..\WEB SOCKET\WEB_SOCKET_SERVER.csproj", "{EE224651-23FA-40E2-9D50-4074FD552133}"
EndProject
Project("{9A19103F-16F7-4668-BE54-9A1E7A4F7556}") = "Server Testing", "..\Server Testing\Server Testing.csproj", "{B21AF618-D266-4E1A-AD34-88B74CA982A1}"
EndProject
Project("{2150E333-8FDC-42A3-9474-1A3956D46DE8}") = "Servers", "Servers", "{E9CF253F-D522-4950-B9D8-0F8933B09ED7}"
EndProject
Project("{9A19103F-16F7-4668-BE54-9A1E7A4F7556}") = "SERVER_IDGLYPHS_1", "..\SERVER_IDGLYPHS\SERVER_IDGLYPHS_1.csproj", "{53F7519D-0809-432E-9F3B-24108207D4F8}"
EndProject
Project("{9A19103F-16F7-4668-BE54-9A1E7A4F7556}") = "SERVER_PERCORSO_2", "..\SERVER_PERCORSO\SERVER_PERCORSO_2.csproj", "{EEFC0B5C-F53F-4DE5-A037-BC752BF460A9}"
EndProject
Project("{9A19103F-16F7-4668-BE54-9A1E7A4F7556}") = "SERVER_BUS_3", "..\SERVER_BUS\SERVER_BUS_3.csproj", "{A1D0AA2A-29BC-420B-A9AD-A39F6C598168}"
EndProject
Project("{9A19103F-16F7-4668-BE54-9A1E7A4F7556}") = "SERVER_IMMAGINEMAPPA_4", "..\SERVER_IMMAGINEMAPPA\SERVER_IMMAGINEMAPPA_4.csproj", "{F87400AA-7E4D-4381-B245-74FF1DE363C0}"
EndProject
Project("{9A19103F-16F7-4668-BE54-9A1E7A4F7556}") = "Server2Testing", "..\Server2Testing\Server2Testing.csproj", "{28EA4312-251E-49E2-9A6C-D0EE612F96D2}"
EndProject
Global
	GlobalSection(SolutionConfigurationPlatforms) = preSolution
		Debug|Any CPU = Debug|Any CPU
		Release|Any CPU = Release|Any CPU
	EndGlobalSection
	GlobalSection(ProjectConfigurationPlatforms) = postSolution
		{4C9A49C5-B9F5-40D7-A196-85D19E39C7EB}.Debug|Any CPU.ActiveCfg = Debug|Any CPU
		{4C9A49C5-B9F5-40D7-A196-85D19E39C7EB}.Debug|Any CPU.Build.0 = Debug|Any CPU
		{4C9A49C5-B9F5-40D7-A196-85D19E39C7EB}.Debug|Any CPU.Deploy.0 = Debug|Any CPU
		{4C9A49C5-B9F5-40D7-A196-85D19E39C7EB}.Release|Any CPU.ActiveCfg = Release|Any CPU
		{4C9A49C5-B9F5-40D7-A196-85D19E39C7EB}.Release|Any CPU.Build.0 = Release|Any CPU
		{4C9A49C5-B9F5-40D7-A196-85D19E39C7EB}.Release|Any CPU.Deploy.0 = Release|Any CPU
		{EE224651-23FA-40E2-9D50-4074FD552133}.Debug|Any CPU.ActiveCfg = Debug|Any CPU
		{EE224651-23FA-40E2-9D50-4074FD552133}.Debug|Any CPU.Build.0 = Debug|Any CPU
		{EE224651-23FA-40E2-9D50-4074FD552133}.Release|Any CPU.ActiveCfg = Release|Any CPU
		{EE224651-23FA-40E2-9D50-4074FD552133}.Release|Any CPU.Build.0 = Release|Any CPU
		{B21AF618-D266-4E1A-AD34-88B74CA982A1}.Debug|Any CPU.ActiveCfg = Debug|Any CPU
		{B21AF618-D266-4E1A-AD34-88B74CA982A1}.Debug|Any CPU.Build.0 = Debug|Any CPU
		{B21AF618-D266-4E1A-AD34-88B74CA982A1}.Release|Any CPU.ActiveCfg = Release|Any CPU
		{B21AF618-D266-4E1A-AD34-88B74CA982A1}.Release|Any CPU.Build.0 = Release|Any CPU
		{53F7519D-0809-432E-9F3B-24108207D4F8}.Debug|Any CPU.ActiveCfg = Debug|Any CPU
		{53F7519D-0809-432E-9F3B-24108207D4F8}.Debug|Any CPU.Build.0 = Debug|Any CPU
		{53F7519D-0809-432E-9F3B-24108207D4F8}.Release|Any CPU.ActiveCfg = Release|Any CPU
		{53F7519D-0809-432E-9F3B-24108207D4F8}.Release|Any CPU.Build.0 = Release|Any CPU
		{EEFC0B5C-F53F-4DE5-A037-BC752BF460A9}.Debug|Any CPU.ActiveCfg = Debug|Any CPU
		{EEFC0B5C-F53F-4DE5-A037-BC752BF460A9}.Debug|Any CPU.Build.0 = Debug|Any CPU
		{EEFC0B5C-F53F-4DE5-A037-BC752BF460A9}.Release|Any CPU.ActiveCfg = Release|Any CPU
		{EEFC0B5C-F53F-4DE5-A037-BC752BF460A9}.Release|Any CPU.Build.0 = Release|Any CPU
		{A1D0AA2A-29BC-420B-A9AD-A39F6C598168}.Debug|Any CPU.ActiveCfg = Debug|Any CPU
		{A1D0AA2A-29BC-420B-A9AD-A39F6C598168}.Debug|Any CPU.Build.0 = Debug|Any CPU
		{A1D0AA2A-29BC-420B-A9AD-A39F6C598168}.Release|Any CPU.ActiveCfg = Release|Any CPU
		{A1D0AA2A-29BC-420B-A9AD-A39F6C598168}.Release|Any CPU.Build.0 = Release|Any CPU
		{F87400AA-7E4D-4381-B245-74FF1DE363C0}.Debug|Any CPU.ActiveCfg = Debug|Any CPU
		{F87400AA-7E4D-4381-B245-74FF1DE363C0}.Debug|Any CPU.Build.0 = Debug|Any CPU
		{F87400AA-7E4D-4381-B245-74FF1DE363C0}.Release|Any CPU.ActiveCfg = Release|Any CPU
		{F87400AA-7E4D-4381-B245-74FF1DE363C0}.Release|Any CPU.Build.0 = Release|Any CPU
		{28EA4312-251E-49E2-9A6C-D0EE612F96D2}.Debug|Any CPU.ActiveCfg = Debug|Any CPU
		{28EA4312-251E-49E2-9A6C-D0EE612F96D2}.Debug|Any CPU.Build.0 = Debug|Any CPU
		{28EA4312-251E-49E2-9A6C-D0EE612F96D2}.Release|Any CPU.ActiveCfg = Release|Any CPU
		{28EA4312-251E-49E2-9A6C-D0EE612F96D2}.Release|Any CPU.Build.0 = Release|Any CPU
	EndGlobalSection
	GlobalSection(SolutionProperties) = preSolution
		HideSolutionNode = FALSE
	EndGlobalSection
	GlobalSection(NestedProjects) = preSolution
		{EE224651-23FA-40E2-9D50-4074FD552133} = {E9CF253F-D522-4950-B9D8-0F8933B09ED7}
		{53F7519D-0809-432E-9F3B-24108207D4F8} = {E9CF253F-D522-4950-B9D8-0F8933B09ED7}
		{EEFC0B5C-F53F-4DE5-A037-BC752BF460A9} = {E9CF253F-D522-4950-B9D8-0F8933B09ED7}
		{A1D0AA2A-29BC-420B-A9AD-A39F6C598168} = {E9CF253F-D522-4950-B9D8-0F8933B09ED7}
		{F87400AA-7E4D-4381-B245-74FF1DE363C0} = {E9CF253F-D522-4950-B9D8-0F8933B09ED7}
	EndGlobalSection
	GlobalSection(ExtensibilityGlobals) = postSolution
		SolutionGuid = {7E2EAAD4-CBB5-4069-95A6-F887A285DBCA}
	EndGlobalSection
EndGlobal
